
Microsoft Visual Studio Solution File, Format Version 12.00
# Visual Studio Version 16
VisualStudioVersion = 16.0.30523.141
MinimumVisualStudioVersion = 10.0.40219.1
Project("{FAE04EC0-301F-11D3-BF4B-00C04F79EFBC}") = "MyDefence", "MyDefence\MyDefence.csproj", "{AD1D01A9-BD39-4990-87C8-B38152C486EA}"
EndProject
Global
	GlobalSection(SolutionConfigurationPlatforms) = preSolution
		Debug|Any CPU = Debug|Any CPU
		Release|Any CPU = Release|Any CPU
	EndGlobalSection
	GlobalSection(ProjectConfigurationPlatforms) = postSolution
		{AD1D01A9-BD39-4990-87C8-B38152C486EA}.Debug|Any CPU.ActiveCfg = Debug|Any CPU
		{AD1D01A9-BD39-4990-87C8-B38152C486EA}.Debug|Any CPU.Build.0 = Debug|Any CPU
		{AD1D01A9-BD39-4990-87C8-B38152C486EA}.Release|Any CPU.ActiveCfg = Release|Any CPU
		{AD1D01A9-BD39-4990-87C8-B38152C486EA}.Release|Any CPU.Build.0 = Release|Any CPU
	EndGlobalSection
	GlobalSection(SolutionProperties) = preSolution
		HideSolutionNode = FALSE
	EndGlobalSection
	GlobalSection(ExtensibilityGlobals) = postSolution
		SolutionGuid = {69451C0A-1D72-4315-811F-AAA3996CCEFD}
	EndGlobalSection
EndGlobal
